// !$*UTF8*$!
{
	archiveVersion = 1;
	classes = {
	};
	objectVersion = 77;
	objects = {

/* Begin PBXBuildFile section */
		003FC86093FC592146819DBA /* SearchView.swift in Sources */ = {isa = PBXBuildFile; fileRef = 73D7DB6DB0206288B5067373 /* SearchView.swift */; };
		0445F4E599A8C401D6CB558D /* AppSpacing.swift in Sources */ = {isa = PBXBuildFile; fileRef = 0A03B0EF9B948C249DFF98A8 /* AppSpacing.swift */; };
		0B2597BBD9BDE8B4B8E53BAB /* CollectionsView.swift in Sources */ = {isa = PBXBuildFile; fileRef = 748198BF6054A808F4BA121A /* CollectionsView.swift */; };
		0E67D32921D6206838841F9E /* collections.json in Resources */ = {isa = PBXBuildFile; fileRef = 305BBE40C7A1ED00B95317DD /* collections.json */; };
		1253A6002CCEA39C376C5DCB /* Assets.xcassets in Resources */ = {isa = PBXBuildFile; fileRef = 4C170412932B43729E245F52 /* Assets.xcassets */; };
		16FA8004C68646E81214A3E6 /* Outbox.swift in Sources */ = {isa = PBXBuildFile; fileRef = B72FB638B0E04C7D8B789F48 /* Outbox.swift */; };
		175BCD8F89AABDC2AB97A8F2 /* TimerMetadata.swift in Sources */ = {isa = PBXBuildFile; fileRef = 66FE8E1538ED30338EDC9D76 /* TimerMetadata.swift */; };
		198906A9C1F5AFAD64EC68C9 /* CollectionDetailView.swift in Sources */ = {isa = PBXBuildFile; fileRef = 2548C11F7DEFA4003EA1DFFF /* CollectionDetailView.swift */; };
		1C51A009E074CA7D57E1B63A /* AppRoute.swift in Sources */ = {isa = PBXBuildFile; fileRef = 042A7EA9394A882812888D37 /* AppRoute.swift */; };
		1EFCA761D020226279D18977 /* OfflineStore.swift in Sources */ = {isa = PBXBuildFile; fileRef = BB3CE851242639A7DBD0A7E0 /* OfflineStore.swift */; };
		26361599FEF7F81DC6DB5631 /* RecipePickerSheet.swift in Sources */ = {isa = PBXBuildFile; fileRef = 118F4C66F17C633D33A6E588 /* RecipePickerSheet.swift */; };
		274188DFBED5C8BC0A7B4900 /* SharedContent.swift in Sources */ = {isa = PBXBuildFile; fileRef = 2C510E0E31E198249C66F2D4 /* SharedContent.swift */; };
		2745D237CDF19CE78D5B0983 /* AppTabBar.swift in Sources */ = {isa = PBXBuildFile; fileRef = 33DEE4ED41829A8CEA3B83ED /* AppTabBar.swift */; };
		2A3A6D5B852A5F04C9F1FC98 /* shopping.json in Resources */ = {isa = PBXBuildFile; fileRef = EBB741C47F215A85E9A737E9 /* shopping.json */; };
		2E71C14DF6896E959F42482B /* TimerMetadata.swift in Sources */ = {isa = PBXBuildFile; fileRef = 66FE8E1538ED30338EDC9D76 /* TimerMetadata.swift */; };
		2F31D8E006DB7B9D17BB55C2 /* RecipeEditorView.swift in Sources */ = {isa = PBXBuildFile; fileRef = 53DB8E9BF0E7856074D6291C /* RecipeEditorView.swift */; };
		30142C80ABB19406465B45EB /* Connectivity.swift in Sources */ = {isa = PBXBuildFile; fileRef = 6E24A0F2E3532BE217988369 /* Connectivity.swift */; };
		32B90CDE2FBA0731563FF1F1 /* AppState.swift in Sources */ = {isa = PBXBuildFile; fileRef = 32FA0149D98B27E841A066B5 /* AppState.swift */; };
		343ADB85F5EF6A519DB3618D /* collection_detail.json in Resources */ = {isa = PBXBuildFile; fileRef = 1F387094801016C92D48540C /* collection_detail.json */; };
		34EB4B2C844E16E05C8C10CF /* RecipeCard.swift in Sources */ = {isa = PBXBuildFile; fileRef = 7C19193D5736C8C199FC7C5F /* RecipeCard.swift */; };
		3C0744D20C714E2C0D8E9E68 /* login.json in Resources */ = {isa = PBXBuildFile; fileRef = A142E23B7CC101A48F2D8A0A /* login.json */; };
		412827060342DCD5F2717660 /* CollectionCard.swift in Sources */ = {isa = PBXBuildFile; fileRef = 96E0894AAB542F1320D3E3D7 /* CollectionCard.swift */; };
		41CE6B6C7140E7D24BCE41BA /* AppTheme.swift in Sources */ = {isa = PBXBuildFile; fileRef = 39966D0E298FF8EA61B5A27D /* AppTheme.swift */; };
		41D5CE250944135AF2430246 /* RecipeListView.swift in Sources */ = {isa = PBXBuildFile; fileRef = 6493B97ACE71342357519F1A /* RecipeListView.swift */; };
		46F020EB85B33843820775D6 /* RecipeDetailModel.swift in Sources */ = {isa = PBXBuildFile; fileRef = BA3B9287D57527BA91083206 /* RecipeDetailModel.swift */; };
		475C58BACE2AA8F75BB4A4DB /* Models.swift in Sources */ = {isa = PBXBuildFile; fileRef = B3A6357AEE8AE3F22A7B386A /* Models.swift */; };
		4C719F8C59F5A2A464E6B4FF /* APIClient.swift in Sources */ = {isa = PBXBuildFile; fileRef = DD339DDCAAEDEE693CE4878D /* APIClient.swift */; };
		57170ABC5528D4962ACA512D /* MealPlanView.swift in Sources */ = {isa = PBXBuildFile; fileRef = A038E1ED3FD97222583AE16C /* MealPlanView.swift */; };
		6237FF388EC744462E04BDC7 /* Models.swift in Sources */ = {isa = PBXBuildFile; fileRef = B3A6357AEE8AE3F22A7B386A /* Models.swift */; };
		7257B5B92A67FBADE7CC18E0 /* ShareView.swift in Sources */ = {isa = PBXBuildFile; fileRef = D9A01A3F640470DD49448702 /* ShareView.swift */; };
		7399DD2FA9847EB78BF7E6B4 /* TimerWidgetBundle.swift in Sources */ = {isa = PBXBuildFile; fileRef = 7A56448785A6DA182C887052 /* TimerWidgetBundle.swift */; };
		769CDCC783658C25B27CDEF3 /* OfflineTests.swift in Sources */ = {isa = PBXBuildFile; fileRef = FD720BDC4CD0FAA479B40A7C /* OfflineTests.swift */; };
		7B862571C89371F482E042E1 /* ShareModel.swift in Sources */ = {isa = PBXBuildFile; fileRef = B7B9667AEEEFC22DADC9C718 /* ShareModel.swift */; };
		8105CE082392874D3AE5DA20 /* RecipeImage.swift in Sources */ = {isa = PBXBuildFile; fileRef = 06E925DF03DD34F754975F03 /* RecipeImage.swift */; };
		81BBA4017466637038C9CE6B /* AddRecipeView.swift in Sources */ = {isa = PBXBuildFile; fileRef = 95E4A4323724CF0389CCBAA5 /* AddRecipeView.swift */; };
		8E5DF361C1B3BBB882BB8F49 /* RecipeFeed.swift in Sources */ = {isa = PBXBuildFile; fileRef = 0335F4C5DD94B01838E77179 /* RecipeFeed.swift */; };
		8F497F6A1D28DD0526488632 /* OfflineSync.swift in Sources */ = {isa = PBXBuildFile; fileRef = 5BD187D42F3A4584480A6A84 /* OfflineSync.swift */; };
		8FC67924401E0B0F3485B3A2 /* RecipeManagerApp.swift in Sources */ = {isa = PBXBuildFile; fileRef = 24DD5391B8C48BA284DC4DE0 /* RecipeManagerApp.swift */; };
		90F8BC30D92346161951B7C9 /* KitchenTimerLiveActivity.swift in Sources */ = {isa = PBXBuildFile; fileRef = E37E901A7EBDC7511EC0EEA0 /* KitchenTimerLiveActivity.swift */; };
		933162B45195684C6B8EE0DF /* mealplan.json in Resources */ = {isa = PBXBuildFile; fileRef = EE0B7CA4C4635A7662E49275 /* mealplan.json */; };
		93A306592E33B8C8092E7EFF /* RecipeManagerShare.appex in Embed Foundation Extensions */ = {isa = PBXBuildFile; fileRef = DE5D180814DA1C1DE2A17BAF /* RecipeManagerShare.appex */; settings = {ATTRIBUTES = (RemoveHeadersOnCopy, ); }; };
		95335F0FB7F5898C17A6E819 /* recipe_detail.json in Resources */ = {isa = PBXBuildFile; fileRef = B62F3A6B89235A9359914D2D /* recipe_detail.json */; };
		97637455B9DAAE8CF93EE2E0 /* tokens.json in Resources */ = {isa = PBXBuildFile; fileRef = C9E1C73FFAA2F6314519A018 /* tokens.json */; };
		99731C51B8E92EC1A56A2700 /* recipe_page.json in Resources */ = {isa = PBXBuildFile; fileRef = 9C805B8C2BCC450DF4BCA2DE /* recipe_page.json */; };
		A1F886006F7EA9DB66ADE507 /* ModelsTests.swift in Sources */ = {isa = PBXBuildFile; fileRef = 63F88E99DC58F7AE69822FBF /* ModelsTests.swift */; };
		A2E3E2BC88B45261DE7EA361 /* SignInView.swift in Sources */ = {isa = PBXBuildFile; fileRef = 0E72CAA476D3EA4210101292 /* SignInView.swift */; };
		AB640F71890E9281E589C402 /* RootView.swift in Sources */ = {isa = PBXBuildFile; fileRef = FB7DBCBCC93B4E6CE57F1B1D /* RootView.swift */; };
		ABB34DEF321B13C143FCB964 /* Credentials.swift in Sources */ = {isa = PBXBuildFile; fileRef = C5F919A5584E9D59FF1A78BD /* Credentials.swift */; };
		AD4B6179FF935C60DE98C2B8 /* RecipeGrid.swift in Sources */ = {isa = PBXBuildFile; fileRef = 3C387F70429B7453AFE055E0 /* RecipeGrid.swift */; };
		AF698E983C15E183355B2DC3 /* Session.swift in Sources */ = {isa = PBXBuildFile; fileRef = 57519229ABCF4D003703C093 /* Session.swift */; };
		AFA1D1E065803748877231A7 /* PrimaryButton.swift in Sources */ = {isa = PBXBuildFile; fileRef = A8ECA1C666A3BACA15A7EA9F /* PrimaryButton.swift */; };
		AFA83022B47D352FD880DAC7 /* CookingView.swift in Sources */ = {isa = PBXBuildFile; fileRef = 3599734ADD452D241B5A7E28 /* CookingView.swift */; };
		B6FA6073C9852CEDA2D3A8DD /* RecipeManagerTimerWidget.appex in Embed Foundation Extensions */ = {isa = PBXBuildFile; fileRef = C4FB1EC67B5916575EC3D3FC /* RecipeManagerTimerWidget.appex */; settings = {ATTRIBUTES = (RemoveHeadersOnCopy, ); }; };
		B99CCBA06B4199EBCDC804DB /* CookTimer.swift in Sources */ = {isa = PBXBuildFile; fileRef = C7686D52DE945B6437B71C6F /* CookTimer.swift */; };
		BF31503845FEB8AA2BEFC8C0 /* AdminViews.swift in Sources */ = {isa = PBXBuildFile; fileRef = 2A0C5627313625F30764D3A4 /* AdminViews.swift */; };
		C0960BB6610D99E65C2929F5 /* HomeView.swift in Sources */ = {isa = PBXBuildFile; fileRef = 7E8A49DC49242004997251DF /* HomeView.swift */; };
		C65C4CDCECD371BB4C4D5B19 /* AppTypography.swift in Sources */ = {isa = PBXBuildFile; fileRef = B5E25077A2D34156B54E35E0 /* AppTypography.swift */; };
		C7960702D6EA6EBA90BE301B /* SettingsView.swift in Sources */ = {isa = PBXBuildFile; fileRef = 3098BEF84F3E1729F1EC3775 /* SettingsView.swift */; };
		C9BDDEBE1D71C6CFD5605D2E /* SharedContent.swift in Sources */ = {isa = PBXBuildFile; fileRef = 2C510E0E31E198249C66F2D4 /* SharedContent.swift */; };
		CE406D277B1CDE4DB53D4A3E /* Credentials.swift in Sources */ = {isa = PBXBuildFile; fileRef = C5F919A5584E9D59FF1A78BD /* Credentials.swift */; };
		D1076B4A6CFC1BCA55526647 /* Credentials.swift in Sources */ = {isa = PBXBuildFile; fileRef = C5F919A5584E9D59FF1A78BD /* Credentials.swift */; };
		D306B614EE8A7A78751D5226 /* RecipeDetailView.swift in Sources */ = {isa = PBXBuildFile; fileRef = 328AA2D4F68B4FEDFF1983BC /* RecipeDetailView.swift */; };
		D308305A21FA17282C2CC64E /* SpoonmateMark.swift in Sources */ = {isa = PBXBuildFile; fileRef = E74BE647E325FD7DE9E51FDA /* SpoonmateMark.swift */; };
		D6EDA15B0F26A64F54A57DF7 /* import_preview.json in Resources */ = {isa = PBXBuildFile; fileRef = 40E01BD9F2412E6E47017C3B /* import_preview.json */; };
		DE437FA839DE554886B8AEEF /* ShoppingListView.swift in Sources */ = {isa = PBXBuildFile; fileRef = B474B442C9AF50773B42B7AF /* ShoppingListView.swift */; };
		DE79C16A97AA2214B6EA97C4 /* AppColors.swift in Sources */ = {isa = PBXBuildFile; fileRef = C20F9A6250724BE7ED8FDAAE /* AppColors.swift */; };
		DFFE08F728780D11E723D2E8 /* SystemTimer.swift in Sources */ = {isa = PBXBuildFile; fileRef = 8B3D6386D4204D7FFBBE9057 /* SystemTimer.swift */; };
		E518754C11E34E935015926B /* ShareViewController.swift in Sources */ = {isa = PBXBuildFile; fileRef = 8F0AD095E389303E7C283D67 /* ShareViewController.swift */; };
		E8897B232B7AF49FF4115E00 /* ProfileView.swift in Sources */ = {isa = PBXBuildFile; fileRef = 97D6F470558B4311A5657C76 /* ProfileView.swift */; };
		EEEF14D68CA2102E24F5CB77 /* SmallComponents.swift in Sources */ = {isa = PBXBuildFile; fileRef = 88645AE01726AFA77EB3F245 /* SmallComponents.swift */; };
		F30586155DA9158D7969547F /* SharedContent.swift in Sources */ = {isa = PBXBuildFile; fileRef = 2C510E0E31E198249C66F2D4 /* SharedContent.swift */; };
		F7EA5404C5F023A3F3652D96 /* OnboardingView.swift in Sources */ = {isa = PBXBuildFile; fileRef = F77FA09B68377C7128645BFC /* OnboardingView.swift */; };
		FF318E9DA15FF0B7D0CE4089 /* APIClient.swift in Sources */ = {isa = PBXBuildFile; fileRef = DD339DDCAAEDEE693CE4878D /* APIClient.swift */; };
/* End PBXBuildFile section */

/* Begin PBXContainerItemProxy section */
		0455F4FD0A8EFDAB41D80C97 /* PBXContainerItemProxy */ = {
			isa = PBXContainerItemProxy;
			containerPortal = 26FA77AC73E8579BE15F9BC2 /* Project object */;
			proxyType = 1;
			remoteGlobalIDString = 540AF679BD4713056F1258B4;
			remoteInfo = RecipeManagerShare;
		};
		0ED3D3A5735AA86241E8B9E5 /* PBXContainerItemProxy */ = {
			isa = PBXContainerItemProxy;
			containerPortal = 26FA77AC73E8579BE15F9BC2 /* Project object */;
			proxyType = 1;
			remoteGlobalIDString = 73ADD3E742EBDDCEFE8C317D;
			remoteInfo = RecipeManagerTimerWidget;
		};
		4BF1FEE5901EC84EEF1C5B7D /* PBXContainerItemProxy */ = {
			isa = PBXContainerItemProxy;
			containerPortal = 26FA77AC73E8579BE15F9BC2 /* Project object */;
			proxyType = 1;
			remoteGlobalIDString = 6051323E133C621AE785966C;
			remoteInfo = RecipeManager;
		};
/* End PBXContainerItemProxy section */

/* Begin PBXCopyFilesBuildPhase section */
		6150E5CFBD922A3F2D40228C /* Embed Foundation Extensions */ = {
			isa = PBXCopyFilesBuildPhase;
			buildActionMask = 2147483647;
			dstPath = "";
			dstSubfolderSpec = 13;
			files = (
				B6FA6073C9852CEDA2D3A8DD /* RecipeManagerTimerWidget.appex in Embed Foundation Extensions */,
				93A306592E33B8C8092E7EFF /* RecipeManagerShare.appex in Embed Foundation Extensions */,
			);
			name = "Embed Foundation Extensions";
			runOnlyForDeploymentPostprocessing = 0;
		};
/* End PBXCopyFilesBuildPhase section */

/* Begin PBXFileReference section */
		0335F4C5DD94B01838E77179 /* RecipeFeed.swift */ = {isa = PBXFileReference; lastKnownFileType = sourcecode.swift; path = RecipeFeed.swift; sourceTree = "<group>"; };
		042A7EA9394A882812888D37 /* AppRoute.swift */ = {isa = PBXFileReference; lastKnownFileType = sourcecode.swift; path = AppRoute.swift; sourceTree = "<group>"; };
		06E925DF03DD34F754975F03 /* RecipeImage.swift */ = {isa = PBXFileReference; lastKnownFileType = sourcecode.swift; path = RecipeImage.swift; sourceTree = "<group>"; };
		0A03B0EF9B948C249DFF98A8 /* AppSpacing.swift */ = {isa = PBXFileReference; lastKnownFileType = sourcecode.swift; path = AppSpacing.swift; sourceTree = "<group>"; };
		0E72CAA476D3EA4210101292 /* SignInView.swift */ = {isa = PBXFileReference; lastKnownFileType = sourcecode.swift; path = SignInView.swift; sourceTree = "<group>"; };
		118F4C66F17C633D33A6E588 /* RecipePickerSheet.swift */ = {isa = PBXFileReference; lastKnownFileType = sourcecode.swift; path = RecipePickerSheet.swift; sourceTree = "<group>"; };
		1F387094801016C92D48540C /* collection_detail.json */ = {isa = PBXFileReference; lastKnownFileType = text.json; path = collection_detail.json; sourceTree = "<group>"; };
		24DD5391B8C48BA284DC4DE0 /* RecipeManagerApp.swift */ = {isa = PBXFileReference; lastKnownFileType = sourcecode.swift; path = RecipeManagerApp.swift; sourceTree = "<group>"; };
		2548C11F7DEFA4003EA1DFFF /* CollectionDetailView.swift */ = {isa = PBXFileReference; lastKnownFileType = sourcecode.swift; path = CollectionDetailView.swift; sourceTree = "<group>"; };
		2A0C5627313625F30764D3A4 /* AdminViews.swift */ = {isa = PBXFileReference; lastKnownFileType = sourcecode.swift; path = AdminViews.swift; sourceTree = "<group>"; };
		2C510E0E31E198249C66F2D4 /* SharedContent.swift */ = {isa = PBXFileReference; lastKnownFileType = sourcecode.swift; path = SharedContent.swift; sourceTree = "<group>"; };
		305BBE40C7A1ED00B95317DD /* collections.json */ = {isa = PBXFileReference; lastKnownFileType = text.json; path = collections.json; sourceTree = "<group>"; };
		3098BEF84F3E1729F1EC3775 /* SettingsView.swift */ = {isa = PBXFileReference; lastKnownFileType = sourcecode.swift; path = SettingsView.swift; sourceTree = "<group>"; };
		328AA2D4F68B4FEDFF1983BC /* RecipeDetailView.swift */ = {isa = PBXFileReference; lastKnownFileType = sourcecode.swift; path = RecipeDetailView.swift; sourceTree = "<group>"; };
		32FA0149D98B27E841A066B5 /* AppState.swift */ = {isa = PBXFileReference; lastKnownFileType = sourcecode.swift; path = AppState.swift; sourceTree = "<group>"; };
		33DEE4ED41829A8CEA3B83ED /* AppTabBar.swift */ = {isa = PBXFileReference; lastKnownFileType = sourcecode.swift; path = AppTabBar.swift; sourceTree = "<group>"; };
		3599734ADD452D241B5A7E28 /* CookingView.swift */ = {isa = PBXFileReference; lastKnownFileType = sourcecode.swift; path = CookingView.swift; sourceTree = "<group>"; };
		39966D0E298FF8EA61B5A27D /* AppTheme.swift */ = {isa = PBXFileReference; lastKnownFileType = sourcecode.swift; path = AppTheme.swift; sourceTree = "<group>"; };
		3C387F70429B7453AFE055E0 /* RecipeGrid.swift */ = {isa = PBXFileReference; lastKnownFileType = sourcecode.swift; path = RecipeGrid.swift; sourceTree = "<group>"; };
		40E01BD9F2412E6E47017C3B /* import_preview.json */ = {isa = PBXFileReference; lastKnownFileType = text.json; path = import_preview.json; sourceTree = "<group>"; };
		4C170412932B43729E245F52 /* Assets.xcassets */ = {isa = PBXFileReference; lastKnownFileType = folder.assetcatalog; path = Assets.xcassets; sourceTree = "<group>"; };
		53DB8E9BF0E7856074D6291C /* RecipeEditorView.swift */ = {isa = PBXFileReference; lastKnownFileType = sourcecode.swift; path = RecipeEditorView.swift; sourceTree = "<group>"; };
		57519229ABCF4D003703C093 /* Session.swift */ = {isa = PBXFileReference; lastKnownFileType = sourcecode.swift; path = Session.swift; sourceTree = "<group>"; };
		5BD187D42F3A4584480A6A84 /* OfflineSync.swift */ = {isa = PBXFileReference; lastKnownFileType = sourcecode.swift; path = OfflineSync.swift; sourceTree = "<group>"; };
		63F88E99DC58F7AE69822FBF /* ModelsTests.swift */ = {isa = PBXFileReference; lastKnownFileType = sourcecode.swift; path = ModelsTests.swift; sourceTree = "<group>"; };
		6493B97ACE71342357519F1A /* RecipeListView.swift */ = {isa = PBXFileReference; lastKnownFileType = sourcecode.swift; path = RecipeListView.swift; sourceTree = "<group>"; };
		66FE8E1538ED30338EDC9D76 /* TimerMetadata.swift */ = {isa = PBXFileReference; lastKnownFileType = sourcecode.swift; path = TimerMetadata.swift; sourceTree = "<group>"; };
		6E24A0F2E3532BE217988369 /* Connectivity.swift */ = {isa = PBXFileReference; lastKnownFileType = sourcecode.swift; path = Connectivity.swift; sourceTree = "<group>"; };
		6F2EA7940F17C1F5DB97FB1F /* RecipeManagerTests.xctest */ = {isa = PBXFileReference; explicitFileType = wrapper.cfbundle; includeInIndex = 0; path = RecipeManagerTests.xctest; sourceTree = BUILT_PRODUCTS_DIR; };
		7292772057992FD2EA2D1BEF /* Info.plist */ = {isa = PBXFileReference; lastKnownFileType = text.plist; path = Info.plist; sourceTree = "<group>"; };
		73D7DB6DB0206288B5067373 /* SearchView.swift */ = {isa = PBXFileReference; lastKnownFileType = sourcecode.swift; path = SearchView.swift; sourceTree = "<group>"; };
		748198BF6054A808F4BA121A /* CollectionsView.swift */ = {isa = PBXFileReference; lastKnownFileType = sourcecode.swift; path = CollectionsView.swift; sourceTree = "<group>"; };
		75E072F9D308815DB982BAF3 /* Info.plist */ = {isa = PBXFileReference; lastKnownFileType = text.plist; path = Info.plist; sourceTree = "<group>"; };
		7A56448785A6DA182C887052 /* TimerWidgetBundle.swift */ = {isa = PBXFileReference; lastKnownFileType = sourcecode.swift; path = TimerWidgetBundle.swift; sourceTree = "<group>"; };
		7C19193D5736C8C199FC7C5F /* RecipeCard.swift */ = {isa = PBXFileReference; lastKnownFileType = sourcecode.swift; path = RecipeCard.swift; sourceTree = "<group>"; };
		7E8A49DC49242004997251DF /* HomeView.swift */ = {isa = PBXFileReference; lastKnownFileType = sourcecode.swift; path = HomeView.swift; sourceTree = "<group>"; };
		81910F6F97C605556880D073 /* Info.plist */ = {isa = PBXFileReference; lastKnownFileType = text.plist; path = Info.plist; sourceTree = "<group>"; };
		88645AE01726AFA77EB3F245 /* SmallComponents.swift */ = {isa = PBXFileReference; lastKnownFileType = sourcecode.swift; path = SmallComponents.swift; sourceTree = "<group>"; };
		8B3D6386D4204D7FFBBE9057 /* SystemTimer.swift */ = {isa = PBXFileReference; lastKnownFileType = sourcecode.swift; path = SystemTimer.swift; sourceTree = "<group>"; };
		8F0AD095E389303E7C283D67 /* ShareViewController.swift */ = {isa = PBXFileReference; lastKnownFileType = sourcecode.swift; path = ShareViewController.swift; sourceTree = "<group>"; };
		95E4A4323724CF0389CCBAA5 /* AddRecipeView.swift */ = {isa = PBXFileReference; lastKnownFileType = sourcecode.swift; path = AddRecipeView.swift; sourceTree = "<group>"; };
		96E0894AAB542F1320D3E3D7 /* CollectionCard.swift */ = {isa = PBXFileReference; lastKnownFileType = sourcecode.swift; path = CollectionCard.swift; sourceTree = "<group>"; };
		97D6F470558B4311A5657C76 /* ProfileView.swift */ = {isa = PBXFileReference; lastKnownFileType = sourcecode.swift; path = ProfileView.swift; sourceTree = "<group>"; };
		99DB0E6A7C6AD895E066DA58 /* ShareExtension.entitlements */ = {isa = PBXFileReference; lastKnownFileType = text.plist.entitlements; path = ShareExtension.entitlements; sourceTree = "<group>"; };
		9A12E7131F4049564115E456 /* RecipeManager.app */ = {isa = PBXFileReference; explicitFileType = wrapper.application; includeInIndex = 0; path = RecipeManager.app; sourceTree = BUILT_PRODUCTS_DIR; };
		9C805B8C2BCC450DF4BCA2DE /* recipe_page.json */ = {isa = PBXFileReference; lastKnownFileType = text.json; path = recipe_page.json; sourceTree = "<group>"; };
		A038E1ED3FD97222583AE16C /* MealPlanView.swift */ = {isa = PBXFileReference; lastKnownFileType = sourcecode.swift; path = MealPlanView.swift; sourceTree = "<group>"; };
		A142E23B7CC101A48F2D8A0A /* login.json */ = {isa = PBXFileReference; lastKnownFileType = text.json; path = login.json; sourceTree = "<group>"; };
		A8ECA1C666A3BACA15A7EA9F /* PrimaryButton.swift */ = {isa = PBXFileReference; lastKnownFileType = sourcecode.swift; path = PrimaryButton.swift; sourceTree = "<group>"; };
		B3A6357AEE8AE3F22A7B386A /* Models.swift */ = {isa = PBXFileReference; lastKnownFileType = sourcecode.swift; path = Models.swift; sourceTree = "<group>"; };
		B474B442C9AF50773B42B7AF /* ShoppingListView.swift */ = {isa = PBXFileReference; lastKnownFileType = sourcecode.swift; path = ShoppingListView.swift; sourceTree = "<group>"; };
		B5E25077A2D34156B54E35E0 /* AppTypography.swift */ = {isa = PBXFileReference; lastKnownFileType = sourcecode.swift; path = AppTypography.swift; sourceTree = "<group>"; };
		B62F3A6B89235A9359914D2D /* recipe_detail.json */ = {isa = PBXFileReference; lastKnownFileType = text.json; path = recipe_detail.json; sourceTree = "<group>"; };
		B72FB638B0E04C7D8B789F48 /* Outbox.swift */ = {isa = PBXFileReference; lastKnownFileType = sourcecode.swift; path = Outbox.swift; sourceTree = "<group>"; };
		B7B9667AEEEFC22DADC9C718 /* ShareModel.swift */ = {isa = PBXFileReference; lastKnownFileType = sourcecode.swift; path = ShareModel.swift; sourceTree = "<group>"; };
		BA3B9287D57527BA91083206 /* RecipeDetailModel.swift */ = {isa = PBXFileReference; lastKnownFileType = sourcecode.swift; path = RecipeDetailModel.swift; sourceTree = "<group>"; };
		BB3CE851242639A7DBD0A7E0 /* OfflineStore.swift */ = {isa = PBXFileReference; lastKnownFileType = sourcecode.swift; path = OfflineStore.swift; sourceTree = "<group>"; };
		C20F9A6250724BE7ED8FDAAE /* AppColors.swift */ = {isa = PBXFileReference; lastKnownFileType = sourcecode.swift; path = AppColors.swift; sourceTree = "<group>"; };
		C41299A720CFC324E5B2D5A6 /* RecipeManager.entitlements */ = {isa = PBXFileReference; lastKnownFileType = text.plist.entitlements; path = RecipeManager.entitlements; sourceTree = "<group>"; };
		C4FB1EC67B5916575EC3D3FC /* RecipeManagerTimerWidget.appex */ = {isa = PBXFileReference; explicitFileType = "wrapper.app-extension"; includeInIndex = 0; path = RecipeManagerTimerWidget.appex; sourceTree = BUILT_PRODUCTS_DIR; };
		C5F919A5584E9D59FF1A78BD /* Credentials.swift */ = {isa = PBXFileReference; lastKnownFileType = sourcecode.swift; path = Credentials.swift; sourceTree = "<group>"; };
		C7686D52DE945B6437B71C6F /* CookTimer.swift */ = {isa = PBXFileReference; lastKnownFileType = sourcecode.swift; path = CookTimer.swift; sourceTree = "<group>"; };
		C9E1C73FFAA2F6314519A018 /* tokens.json */ = {isa = PBXFileReference; lastKnownFileType = text.json; path = tokens.json; sourceTree = "<group>"; };
		D9A01A3F640470DD49448702 /* ShareView.swift */ = {isa = PBXFileReference; lastKnownFileType = sourcecode.swift; path = ShareView.swift; sourceTree = "<group>"; };
		DD339DDCAAEDEE693CE4878D /* APIClient.swift */ = {isa = PBXFileReference; lastKnownFileType = sourcecode.swift; path = APIClient.swift; sourceTree = "<group>"; };
		DE5D180814DA1C1DE2A17BAF /* RecipeManagerShare.appex */ = {isa = PBXFileReference; explicitFileType = "wrapper.app-extension"; includeInIndex = 0; path = RecipeManagerShare.appex; sourceTree = BUILT_PRODUCTS_DIR; };
		E37E901A7EBDC7511EC0EEA0 /* KitchenTimerLiveActivity.swift */ = {isa = PBXFileReference; lastKnownFileType = sourcecode.swift; path = KitchenTimerLiveActivity.swift; sourceTree = "<group>"; };
		E74BE647E325FD7DE9E51FDA /* SpoonmateMark.swift */ = {isa = PBXFileReference; lastKnownFileType = sourcecode.swift; path = SpoonmateMark.swift; sourceTree = "<group>"; };
		EBB741C47F215A85E9A737E9 /* shopping.json */ = {isa = PBXFileReference; lastKnownFileType = text.json; path = shopping.json; sourceTree = "<group>"; };
		EE0B7CA4C4635A7662E49275 /* mealplan.json */ = {isa = PBXFileReference; lastKnownFileType = text.json; path = mealplan.json; sourceTree = "<group>"; };
		F77FA09B68377C7128645BFC /* OnboardingView.swift */ = {isa = PBXFileReference; lastKnownFileType = sourcecode.swift; path = OnboardingView.swift; sourceTree = "<group>"; };
		FB7DBCBCC93B4E6CE57F1B1D /* RootView.swift */ = {isa = PBXFileReference; lastKnownFileType = sourcecode.swift; path = RootView.swift; sourceTree = "<group>"; };
		FD720BDC4CD0FAA479B40A7C /* OfflineTests.swift */ = {isa = PBXFileReference; lastKnownFileType = sourcecode.swift; path = OfflineTests.swift; sourceTree = "<group>"; };
/* End PBXFileReference section */

/* Begin PBXGroup section */
		1DB1C925E665EB186544D4E2 /* Collections */ = {
			isa = PBXGroup;
			children = (
				2548C11F7DEFA4003EA1DFFF /* CollectionDetailView.swift */,
				748198BF6054A808F4BA121A /* CollectionsView.swift */,
			);
			path = Collections;
			sourceTree = "<group>";
		};
		28164F682E918446BE726BF0 /* MealPlan */ = {
			isa = PBXGroup;
			children = (
				A038E1ED3FD97222583AE16C /* MealPlanView.swift */,
			);
			path = MealPlan;
			sourceTree = "<group>";
		};
		3C7725D460AD293D2038A433 /* Onboarding */ = {
			isa = PBXGroup;
			children = (
				F77FA09B68377C7128645BFC /* OnboardingView.swift */,
				0E72CAA476D3EA4210101292 /* SignInView.swift */,
			);
			path = Onboarding;
			sourceTree = "<group>";
		};
		40380065332AE533E8CEC262 /* Home */ = {
			isa = PBXGroup;
			children = (
				7E8A49DC49242004997251DF /* HomeView.swift */,
				6493B97ACE71342357519F1A /* RecipeListView.swift */,
			);
			path = Home;
			sourceTree = "<group>";
		};
		565CA5412CB2A491E8A66FAD /* Fixtures */ = {
			isa = PBXGroup;
			children = (
				1F387094801016C92D48540C /* collection_detail.json */,
				305BBE40C7A1ED00B95317DD /* collections.json */,
				40E01BD9F2412E6E47017C3B /* import_preview.json */,
				A142E23B7CC101A48F2D8A0A /* login.json */,
				EE0B7CA4C4635A7662E49275 /* mealplan.json */,
				B62F3A6B89235A9359914D2D /* recipe_detail.json */,
				9C805B8C2BCC450DF4BCA2DE /* recipe_page.json */,
				EBB741C47F215A85E9A737E9 /* shopping.json */,
				C9E1C73FFAA2F6314519A018 /* tokens.json */,
			);
			path = Fixtures;
			sourceTree = "<group>";
		};
		6F67CEABDBE66476A9CFAD70 /* Components */ = {
			isa = PBXGroup;
			children = (
				33DEE4ED41829A8CEA3B83ED /* AppTabBar.swift */,
				96E0894AAB542F1320D3E3D7 /* CollectionCard.swift */,
				A8ECA1C666A3BACA15A7EA9F /* PrimaryButton.swift */,
				7C19193D5736C8C199FC7C5F /* RecipeCard.swift */,
				3C387F70429B7453AFE055E0 /* RecipeGrid.swift */,
				06E925DF03DD34F754975F03 /* RecipeImage.swift */,
				118F4C66F17C633D33A6E588 /* RecipePickerSheet.swift */,
				88645AE01726AFA77EB3F245 /* SmallComponents.swift */,
				E74BE647E325FD7DE9E51FDA /* SpoonmateMark.swift */,
			);
			path = Components;
			sourceTree = "<group>";
		};
		70AABAD5592B6D8DEAC24A1D /* Core */ = {
			isa = PBXGroup;
			children = (
				DD339DDCAAEDEE693CE4878D /* APIClient.swift */,
				6E24A0F2E3532BE217988369 /* Connectivity.swift */,
				B3A6357AEE8AE3F22A7B386A /* Models.swift */,
				BB3CE851242639A7DBD0A7E0 /* OfflineStore.swift */,
				5BD187D42F3A4584480A6A84 /* OfflineSync.swift */,
				B72FB638B0E04C7D8B789F48 /* Outbox.swift */,
				0335F4C5DD94B01838E77179 /* RecipeFeed.swift */,
				57519229ABCF4D003703C093 /* Session.swift */,
				8B3D6386D4204D7FFBBE9057 /* SystemTimer.swift */,
			);
			path = Core;
			sourceTree = "<group>";
		};
		726DC410CCF70B8F865CD374 /* ShareExtension */ = {
			isa = PBXGroup;
			children = (
				81910F6F97C605556880D073 /* Info.plist */,
				99DB0E6A7C6AD895E066DA58 /* ShareExtension.entitlements */,
				B7B9667AEEEFC22DADC9C718 /* ShareModel.swift */,
				D9A01A3F640470DD49448702 /* ShareView.swift */,
				8F0AD095E389303E7C283D67 /* ShareViewController.swift */,
			);
			path = ShareExtension;
			sourceTree = "<group>";
		};
		72DD39BE82CF89E65FEF12FC /* Features */ = {
			isa = PBXGroup;
			children = (
				D5A20BDAF9C3D92413F5DEDD /* AddRecipe */,
				1DB1C925E665EB186544D4E2 /* Collections */,
				A523083194A300FE1B1C9B9B /* Cooking */,
				40380065332AE533E8CEC262 /* Home */,
				28164F682E918446BE726BF0 /* MealPlan */,
				3C7725D460AD293D2038A433 /* Onboarding */,
				EAD104555839793093E3A73B /* Profile */,
				A4EE02CC17D04DE7C4A8C3F8 /* RecipeDetail */,
				7C8089F70E946F8D54231AC8 /* Search */,
				DD2F55AC3BC9ECF71C7199B3 /* ShoppingList */,
			);
			path = Features;
			sourceTree = "<group>";
		};
		7C8089F70E946F8D54231AC8 /* Search */ = {
			isa = PBXGroup;
			children = (
				73D7DB6DB0206288B5067373 /* SearchView.swift */,
			);
			path = Search;
			sourceTree = "<group>";
		};
		7EE665D6810BBFB42C901CBD /* RecipeManagerTests */ = {
			isa = PBXGroup;
			children = (
				63F88E99DC58F7AE69822FBF /* ModelsTests.swift */,
				FD720BDC4CD0FAA479B40A7C /* OfflineTests.swift */,
				565CA5412CB2A491E8A66FAD /* Fixtures */,
			);
			path = RecipeManagerTests;
			sourceTree = "<group>";
		};
		89BF7C863B45558C78B9FB12 /* Theme */ = {
			isa = PBXGroup;
			children = (
				C20F9A6250724BE7ED8FDAAE /* AppColors.swift */,
				0A03B0EF9B948C249DFF98A8 /* AppSpacing.swift */,
				39966D0E298FF8EA61B5A27D /* AppTheme.swift */,
				B5E25077A2D34156B54E35E0 /* AppTypography.swift */,
			);
			path = Theme;
			sourceTree = "<group>";
		};
		8F29882087C55D87A2E8493E /* App */ = {
			isa = PBXGroup;
			children = (
				042A7EA9394A882812888D37 /* AppRoute.swift */,
				32FA0149D98B27E841A066B5 /* AppState.swift */,
				24DD5391B8C48BA284DC4DE0 /* RecipeManagerApp.swift */,
				FB7DBCBCC93B4E6CE57F1B1D /* RootView.swift */,
			);
			path = App;
			sourceTree = "<group>";
		};
		A01C6240ED57871D29889002 = {
			isa = PBXGroup;
			children = (
				BC0DE3988B96B6222582B82C /* RecipeManager */,
				7EE665D6810BBFB42C901CBD /* RecipeManagerTests */,
				CBD5CCC489F907B41795F1E9 /* Shared */,
				726DC410CCF70B8F865CD374 /* ShareExtension */,
				E69C77E2A562BCE9357FE006 /* TimerWidget */,
				C16130767BB24F08D8E2A54F /* Products */,
			);
			sourceTree = "<group>";
		};
		A4EE02CC17D04DE7C4A8C3F8 /* RecipeDetail */ = {
			isa = PBXGroup;
			children = (
				BA3B9287D57527BA91083206 /* RecipeDetailModel.swift */,
				328AA2D4F68B4FEDFF1983BC /* RecipeDetailView.swift */,
			);
			path = RecipeDetail;
			sourceTree = "<group>";
		};
		A523083194A300FE1B1C9B9B /* Cooking */ = {
			isa = PBXGroup;
			children = (
				3599734ADD452D241B5A7E28 /* CookingView.swift */,
				C7686D52DE945B6437B71C6F /* CookTimer.swift */,
			);
			path = Cooking;
			sourceTree = "<group>";
		};
		BC0DE3988B96B6222582B82C /* RecipeManager */ = {
			isa = PBXGroup;
			children = (
				C41299A720CFC324E5B2D5A6 /* RecipeManager.entitlements */,
				8F29882087C55D87A2E8493E /* App */,
				6F67CEABDBE66476A9CFAD70 /* Components */,
				70AABAD5592B6D8DEAC24A1D /* Core */,
				72DD39BE82CF89E65FEF12FC /* Features */,
				E554DE174E87ED3EF5948C58 /* Resources */,
				89BF7C863B45558C78B9FB12 /* Theme */,
			);
			path = RecipeManager;
			sourceTree = "<group>";
		};
		C16130767BB24F08D8E2A54F /* Products */ = {
			isa = PBXGroup;
			children = (
				9A12E7131F4049564115E456 /* RecipeManager.app */,
				DE5D180814DA1C1DE2A17BAF /* RecipeManagerShare.appex */,
				6F2EA7940F17C1F5DB97FB1F /* RecipeManagerTests.xctest */,
				C4FB1EC67B5916575EC3D3FC /* RecipeManagerTimerWidget.appex */,
			);
			name = Products;
			sourceTree = "<group>";
		};
		CBD5CCC489F907B41795F1E9 /* Shared */ = {
			isa = PBXGroup;
			children = (
				C5F919A5584E9D59FF1A78BD /* Credentials.swift */,
				2C510E0E31E198249C66F2D4 /* SharedContent.swift */,
				66FE8E1538ED30338EDC9D76 /* TimerMetadata.swift */,
			);
			path = Shared;
			sourceTree = "<group>";
		};
		D5A20BDAF9C3D92413F5DEDD /* AddRecipe */ = {
			isa = PBXGroup;
			children = (
				95E4A4323724CF0389CCBAA5 /* AddRecipeView.swift */,
				53DB8E9BF0E7856074D6291C /* RecipeEditorView.swift */,
			);
			path = AddRecipe;
			sourceTree = "<group>";
		};
		DD2F55AC3BC9ECF71C7199B3 /* ShoppingList */ = {
			isa = PBXGroup;
			children = (
				B474B442C9AF50773B42B7AF /* ShoppingListView.swift */,
			);
			path = ShoppingList;
			sourceTree = "<group>";
		};
		E554DE174E87ED3EF5948C58 /* Resources */ = {
			isa = PBXGroup;
			children = (
				4C170412932B43729E245F52 /* Assets.xcassets */,
				75E072F9D308815DB982BAF3 /* Info.plist */,
			);
			path = Resources;
			sourceTree = "<group>";
		};
		E69C77E2A562BCE9357FE006 /* TimerWidget */ = {
			isa = PBXGroup;
			children = (
				7292772057992FD2EA2D1BEF /* Info.plist */,
				E37E901A7EBDC7511EC0EEA0 /* KitchenTimerLiveActivity.swift */,
				7A56448785A6DA182C887052 /* TimerWidgetBundle.swift */,
			);
			path = TimerWidget;
			sourceTree = "<group>";
		};
		EAD104555839793093E3A73B /* Profile */ = {
			isa = PBXGroup;
			children = (
				2A0C5627313625F30764D3A4 /* AdminViews.swift */,
				97D6F470558B4311A5657C76 /* ProfileView.swift */,
				3098BEF84F3E1729F1EC3775 /* SettingsView.swift */,
			);
			path = Profile;
			sourceTree = "<group>";
		};
/* End PBXGroup section */

/* Begin PBXNativeTarget section */
		540AF679BD4713056F1258B4 /* RecipeManagerShare */ = {
			isa = PBXNativeTarget;
			buildConfigurationList = A60A30D9D609EAA7B9287E63 /* Build configuration list for PBXNativeTarget "RecipeManagerShare" */;
			buildPhases = (
				663F4758E5FB52A6EEB89236 /* Sources */,
			);
			buildRules = (
			);
			dependencies = (
			);
			name = RecipeManagerShare;
			packageProductDependencies = (
			);
			productName = RecipeManagerShare;
			productReference = DE5D180814DA1C1DE2A17BAF /* RecipeManagerShare.appex */;
			productType = "com.apple.product-type.app-extension";
		};
		6051323E133C621AE785966C /* RecipeManager */ = {
			isa = PBXNativeTarget;
			buildConfigurationList = 795BB05D63831F5F9D674C55 /* Build configuration list for PBXNativeTarget "RecipeManager" */;
			buildPhases = (
				AB71EC0A670A539A11EB7F80 /* Sources */,
				AA643E74FFE3AF567AAE569E /* Resources */,
				6150E5CFBD922A3F2D40228C /* Embed Foundation Extensions */,
			);
			buildRules = (
			);
			dependencies = (
				8B81577E7D38C687315CA526 /* PBXTargetDependency */,
				A0B2616BA2B78AB1805A6018 /* PBXTargetDependency */,
			);
			name = RecipeManager;
			packageProductDependencies = (
			);
			productName = RecipeManager;
			productReference = 9A12E7131F4049564115E456 /* RecipeManager.app */;
			productType = "com.apple.product-type.application";
		};
		73ADD3E742EBDDCEFE8C317D /* RecipeManagerTimerWidget */ = {
			isa = PBXNativeTarget;
			buildConfigurationList = BBA363258BD0B53765DF431E /* Build configuration list for PBXNativeTarget "RecipeManagerTimerWidget" */;
			buildPhases = (
				D87BD069DD37F53584A9C532 /* Sources */,
			);
			buildRules = (
			);
			dependencies = (
			);
			name = RecipeManagerTimerWidget;
			packageProductDependencies = (
			);
			productName = RecipeManagerTimerWidget;
			productReference = C4FB1EC67B5916575EC3D3FC /* RecipeManagerTimerWidget.appex */;
			productType = "com.apple.product-type.app-extension";
		};
		ECF32E0B12B9EED008D3A875 /* RecipeManagerTests */ = {
			isa = PBXNativeTarget;
			buildConfigurationList = EA0E770C54A6AF6279097E10 /* Build configuration list for PBXNativeTarget "RecipeManagerTests" */;
			buildPhases = (
				FFFBF8868A13961104A50ADB /* Sources */,
				78D7864D1950B70665D7F7D8 /* Resources */,
			);
			buildRules = (
			);
			dependencies = (
				E2CB5A9A4BE46CAB4D660B1E /* PBXTargetDependency */,
			);
			name = RecipeManagerTests;
			packageProductDependencies = (
			);
			productName = RecipeManagerTests;
			productReference = 6F2EA7940F17C1F5DB97FB1F /* RecipeManagerTests.xctest */;
			productType = "com.apple.product-type.bundle.unit-test";
		};
/* End PBXNativeTarget section */

/* Begin PBXProject section */
		26FA77AC73E8579BE15F9BC2 /* Project object */ = {
			isa = PBXProject;
			attributes = {
				BuildIndependentTargetsInParallel = YES;
				LastUpgradeCheck = 2700;
				TargetAttributes = {
					540AF679BD4713056F1258B4 = {
						ProvisioningStyle = Automatic;
					};
					6051323E133C621AE785966C = {
						ProvisioningStyle = Automatic;
					};
					73ADD3E742EBDDCEFE8C317D = {
						ProvisioningStyle = Automatic;
					};
					ECF32E0B12B9EED008D3A875 = {
						ProvisioningStyle = Automatic;
					};
				};
			};
			buildConfigurationList = 3AE8A966A007E2662F1A05DB /* Build configuration list for PBXProject "RecipeManager" */;
			developmentRegion = en;
			hasScannedForEncodings = 0;
			knownRegions = (
				Base,
				en,
			);
			mainGroup = A01C6240ED57871D29889002;
			minimizedProjectReferenceProxies = 1;
			preferredProjectObjectVersion = 77;
			productRefGroup = C16130767BB24F08D8E2A54F /* Products */;
			projectDirPath = "";
			projectRoot = "";
			targets = (
				6051323E133C621AE785966C /* RecipeManager */,
				73ADD3E742EBDDCEFE8C317D /* RecipeManagerTimerWidget */,
				540AF679BD4713056F1258B4 /* RecipeManagerShare */,
				ECF32E0B12B9EED008D3A875 /* RecipeManagerTests */,
			);
		};
/* End PBXProject section */

/* Begin PBXResourcesBuildPhase section */
		78D7864D1950B70665D7F7D8 /* Resources */ = {
			isa = PBXResourcesBuildPhase;
			buildActionMask = 2147483647;
			files = (
				343ADB85F5EF6A519DB3618D /* collection_detail.json in Resources */,
				0E67D32921D6206838841F9E /* collections.json in Resources */,
				D6EDA15B0F26A64F54A57DF7 /* import_preview.json in Resources */,
				3C0744D20C714E2C0D8E9E68 /* login.json in Resources */,
				933162B45195684C6B8EE0DF /* mealplan.json in Resources */,
				95335F0FB7F5898C17A6E819 /* recipe_detail.json in Resources */,
				99731C51B8E92EC1A56A2700 /* recipe_page.json in Resources */,
				2A3A6D5B852A5F04C9F1FC98 /* shopping.json in Resources */,
				97637455B9DAAE8CF93EE2E0 /* tokens.json in Resources */,
			);
			runOnlyForDeploymentPostprocessing = 0;
		};
		AA643E74FFE3AF567AAE569E /* Resources */ = {
			isa = PBXResourcesBuildPhase;
			buildActionMask = 2147483647;
			files = (
				1253A6002CCEA39C376C5DCB /* Assets.xcassets in Resources */,
			);
			runOnlyForDeploymentPostprocessing = 0;
		};
/* End PBXResourcesBuildPhase section */

/* Begin PBXSourcesBuildPhase section */
		663F4758E5FB52A6EEB89236 /* Sources */ = {
			isa = PBXSourcesBuildPhase;
			buildActionMask = 2147483647;
			files = (
				4C719F8C59F5A2A464E6B4FF /* APIClient.swift in Sources */,
				D1076B4A6CFC1BCA55526647 /* Credentials.swift in Sources */,
				475C58BACE2AA8F75BB4A4DB /* Models.swift in Sources */,
				7B862571C89371F482E042E1 /* ShareModel.swift in Sources */,
				7257B5B92A67FBADE7CC18E0 /* ShareView.swift in Sources */,
				E518754C11E34E935015926B /* ShareViewController.swift in Sources */,
				F30586155DA9158D7969547F /* SharedContent.swift in Sources */,
			);
			runOnlyForDeploymentPostprocessing = 0;
		};
		AB71EC0A670A539A11EB7F80 /* Sources */ = {
			isa = PBXSourcesBuildPhase;
			buildActionMask = 2147483647;
			files = (
				FF318E9DA15FF0B7D0CE4089 /* APIClient.swift in Sources */,
				81BBA4017466637038C9CE6B /* AddRecipeView.swift in Sources */,
				BF31503845FEB8AA2BEFC8C0 /* AdminViews.swift in Sources */,
				DE79C16A97AA2214B6EA97C4 /* AppColors.swift in Sources */,
				1C51A009E074CA7D57E1B63A /* AppRoute.swift in Sources */,
				0445F4E599A8C401D6CB558D /* AppSpacing.swift in Sources */,
				32B90CDE2FBA0731563FF1F1 /* AppState.swift in Sources */,
				2745D237CDF19CE78D5B0983 /* AppTabBar.swift in Sources */,
				41CE6B6C7140E7D24BCE41BA /* AppTheme.swift in Sources */,
				C65C4CDCECD371BB4C4D5B19 /* AppTypography.swift in Sources */,
				412827060342DCD5F2717660 /* CollectionCard.swift in Sources */,
				198906A9C1F5AFAD64EC68C9 /* CollectionDetailView.swift in Sources */,
				0B2597BBD9BDE8B4B8E53BAB /* CollectionsView.swift in Sources */,
				30142C80ABB19406465B45EB /* Connectivity.swift in Sources */,
				B99CCBA06B4199EBCDC804DB /* CookTimer.swift in Sources */,
				AFA83022B47D352FD880DAC7 /* CookingView.swift in Sources */,
				CE406D277B1CDE4DB53D4A3E /* Credentials.swift in Sources */,
				C0960BB6610D99E65C2929F5 /* HomeView.swift in Sources */,
				57170ABC5528D4962ACA512D /* MealPlanView.swift in Sources */,
				6237FF388EC744462E04BDC7 /* Models.swift in Sources */,
				1EFCA761D020226279D18977 /* OfflineStore.swift in Sources */,
				8F497F6A1D28DD0526488632 /* OfflineSync.swift in Sources */,
				F7EA5404C5F023A3F3652D96 /* OnboardingView.swift in Sources */,
				16FA8004C68646E81214A3E6 /* Outbox.swift in Sources */,
				AFA1D1E065803748877231A7 /* PrimaryButton.swift in Sources */,
				E8897B232B7AF49FF4115E00 /* ProfileView.swift in Sources */,
				34EB4B2C844E16E05C8C10CF /* RecipeCard.swift in Sources */,
				46F020EB85B33843820775D6 /* RecipeDetailModel.swift in Sources */,
				D306B614EE8A7A78751D5226 /* RecipeDetailView.swift in Sources */,
				2F31D8E006DB7B9D17BB55C2 /* RecipeEditorView.swift in Sources */,
				8E5DF361C1B3BBB882BB8F49 /* RecipeFeed.swift in Sources */,
				AD4B6179FF935C60DE98C2B8 /* RecipeGrid.swift in Sources */,
				8105CE082392874D3AE5DA20 /* RecipeImage.swift in Sources */,
				41D5CE250944135AF2430246 /* RecipeListView.swift in Sources */,
				8FC67924401E0B0F3485B3A2 /* RecipeManagerApp.swift in Sources */,
				26361599FEF7F81DC6DB5631 /* RecipePickerSheet.swift in Sources */,
				AB640F71890E9281E589C402 /* RootView.swift in Sources */,
				003FC86093FC592146819DBA /* SearchView.swift in Sources */,
				AF698E983C15E183355B2DC3 /* Session.swift in Sources */,
				C7960702D6EA6EBA90BE301B /* SettingsView.swift in Sources */,
				C9BDDEBE1D71C6CFD5605D2E /* SharedContent.swift in Sources */,
				DE437FA839DE554886B8AEEF /* ShoppingListView.swift in Sources */,
				A2E3E2BC88B45261DE7EA361 /* SignInView.swift in Sources */,
				EEEF14D68CA2102E24F5CB77 /* SmallComponents.swift in Sources */,
				D308305A21FA17282C2CC64E /* SpoonmateMark.swift in Sources */,
				DFFE08F728780D11E723D2E8 /* SystemTimer.swift in Sources */,
				2E71C14DF6896E959F42482B /* TimerMetadata.swift in Sources */,
			);
			runOnlyForDeploymentPostprocessing = 0;
		};
		D87BD069DD37F53584A9C532 /* Sources */ = {
			isa = PBXSourcesBuildPhase;
			buildActionMask = 2147483647;
			files = (
				ABB34DEF321B13C143FCB964 /* Credentials.swift in Sources */,
				90F8BC30D92346161951B7C9 /* KitchenTimerLiveActivity.swift in Sources */,
				274188DFBED5C8BC0A7B4900 /* SharedContent.swift in Sources */,
				175BCD8F89AABDC2AB97A8F2 /* TimerMetadata.swift in Sources */,
				7399DD2FA9847EB78BF7E6B4 /* TimerWidgetBundle.swift in Sources */,
			);
			runOnlyForDeploymentPostprocessing = 0;
		};
		FFFBF8868A13961104A50ADB /* Sources */ = {
			isa = PBXSourcesBuildPhase;
			buildActionMask = 2147483647;
			files = (
				A1F886006F7EA9DB66ADE507 /* ModelsTests.swift in Sources */,
				769CDCC783658C25B27CDEF3 /* OfflineTests.swift in Sources */,
			);
			runOnlyForDeploymentPostprocessing = 0;
		};
/* End PBXSourcesBuildPhase section */

/* Begin PBXTargetDependency section */
		8B81577E7D38C687315CA526 /* PBXTargetDependency */ = {
			isa = PBXTargetDependency;
			target = 73ADD3E742EBDDCEFE8C317D /* RecipeManagerTimerWidget */;
			targetProxy = 0ED3D3A5735AA86241E8B9E5 /* PBXContainerItemProxy */;
		};
		A0B2616BA2B78AB1805A6018 /* PBXTargetDependency */ = {
			isa = PBXTargetDependency;
			target = 540AF679BD4713056F1258B4 /* RecipeManagerShare */;
			targetProxy = 0455F4FD0A8EFDAB41D80C97 /* PBXContainerItemProxy */;
		};
		E2CB5A9A4BE46CAB4D660B1E /* PBXTargetDependency */ = {
			isa = PBXTargetDependency;
			target = 6051323E133C621AE785966C /* RecipeManager */;
			targetProxy = 4BF1FEE5901EC84EEF1C5B7D /* PBXContainerItemProxy */;
		};
/* End PBXTargetDependency section */

/* Begin XCBuildConfiguration section */
		186947F3E047C83588974EE2 /* Debug */ = {
			isa = XCBuildConfiguration;
			buildSettings = {
				ASSETCATALOG_COMPILER_GLOBAL_ACCENT_COLOR_NAME = AccentColor;
				DEVELOPMENT_TEAM = 6HTZR75UR8;
				INFOPLIST_FILE = TimerWidget/Info.plist;
				LD_RUNPATH_SEARCH_PATHS = (
					"$(inherited)",
					"@executable_path/Frameworks",
					"@executable_path/../../Frameworks",
				);
				PRODUCT_BUNDLE_IDENTIFIER = com.justinrahme.RecipeManager.TimerWidget;
				SDKROOT = iphoneos;
				SKIP_INSTALL = YES;
				TARGETED_DEVICE_FAMILY = "1,2";
			};
			name = Debug;
		};
		2279FC3716CF6053E28BB388 /* Release */ = {
			isa = XCBuildConfiguration;
			buildSettings = {
				ASSETCATALOG_COMPILER_GLOBAL_ACCENT_COLOR_NAME = AccentColor;
				DEVELOPMENT_TEAM = 6HTZR75UR8;
				INFOPLIST_FILE = TimerWidget/Info.plist;
				LD_RUNPATH_SEARCH_PATHS = (
					"$(inherited)",
					"@executable_path/Frameworks",
					"@executable_path/../../Frameworks",
				);
				PRODUCT_BUNDLE_IDENTIFIER = com.justinrahme.RecipeManager.TimerWidget;
				SDKROOT = iphoneos;
				SKIP_INSTALL = YES;
				TARGETED_DEVICE_FAMILY = "1,2";
			};
			name = Release;
		};
		4523B718AA28E259AB3D624E /* Debug */ = {
			isa = XCBuildConfiguration;
			buildSettings = {
				BUNDLE_LOADER = "$(TEST_HOST)";
				DEVELOPMENT_TEAM = 6HTZR75UR8;
				GENERATE_INFOPLIST_FILE = YES;
				LD_RUNPATH_SEARCH_PATHS = (
					"$(inherited)",
					"@executable_path/Frameworks",
					"@loader_path/Frameworks",
				);
				PRODUCT_BUNDLE_IDENTIFIER = com.justinrahme.RecipeManagerTests;
				SDKROOT = iphoneos;
				TARGETED_DEVICE_FAMILY = "1,2";
				TEST_HOST = "$(BUILT_PRODUCTS_DIR)/RecipeManager.app/RecipeManager";
			};
			name = Debug;
		};
		5156CECF184AD126553004EE /* Release */ = {
			isa = XCBuildConfiguration;
			buildSettings = {
				BUNDLE_LOADER = "$(TEST_HOST)";
				DEVELOPMENT_TEAM = 6HTZR75UR8;
				GENERATE_INFOPLIST_FILE = YES;
				LD_RUNPATH_SEARCH_PATHS = (
					"$(inherited)",
					"@executable_path/Frameworks",
					"@loader_path/Frameworks",
				);
				PRODUCT_BUNDLE_IDENTIFIER = com.justinrahme.RecipeManagerTests;
				SDKROOT = iphoneos;
				TARGETED_DEVICE_FAMILY = "1,2";
				TEST_HOST = "$(BUILT_PRODUCTS_DIR)/RecipeManager.app/RecipeManager";
			};
			name = Release;
		};
		698356B673DCC2CC36414C0C /* Release */ = {
			isa = XCBuildConfiguration;
			buildSettings = {
				ASSETCATALOG_COMPILER_APPICON_NAME = AppIcon;
				ASSETCATALOG_COMPILER_GLOBAL_ACCENT_COLOR_NAME = AccentColor;
				CODE_SIGN_ENTITLEMENTS = RecipeManager/RecipeManager.entitlements;
				CODE_SIGN_IDENTITY = "iPhone Developer";
				DEVELOPMENT_TEAM = 6HTZR75UR8;
				INFOPLIST_FILE = RecipeManager/Resources/Info.plist;
				LD_RUNPATH_SEARCH_PATHS = (
					"$(inherited)",
					"@executable_path/Frameworks",
				);
				PRODUCT_BUNDLE_IDENTIFIER = com.justinrahme.RecipeManager;
				SDKROOT = iphoneos;
				TARGETED_DEVICE_FAMILY = "1,2";
			};
			name = Release;
		};
		71FCC464DAB9BD083FF803AB /* Debug */ = {
			isa = XCBuildConfiguration;
			buildSettings = {
				ALWAYS_SEARCH_USER_PATHS = NO;
				ASSETCATALOG_COMPILER_GENERATE_SWIFT_ASSET_SYMBOL_EXTENSIONS = YES;
				CLANG_ANALYZER_NONNULL = YES;
				CLANG_ANALYZER_NUMBER_OBJECT_CONVERSION = YES_AGGRESSIVE;
				CLANG_CXX_LANGUAGE_STANDARD = "gnu++14";
				CLANG_CXX_LIBRARY = "libc++";
				CLANG_ENABLE_MODULES = YES;
				CLANG_ENABLE_OBJC_ARC = YES;
				CLANG_ENABLE_OBJC_WEAK = YES;
				CLANG_WARN_BLOCK_CAPTURE_AUTORELEASING = YES;
				CLANG_WARN_BOOL_CONVERSION = YES;
				CLANG_WARN_COMMA = YES;
				CLANG_WARN_CONSTANT_CONVERSION = YES;
				CLANG_WARN_DEPRECATED_OBJC_IMPLEMENTATIONS = YES;
				CLANG_WARN_DIRECT_OBJC_ISA_USAGE = YES_ERROR;
				CLANG_WARN_DOCUMENTATION_COMMENTS = YES;
				CLANG_WARN_EMPTY_BODY = YES;
				CLANG_WARN_ENUM_CONVERSION = YES;
				CLANG_WARN_INFINITE_RECURSION = YES;
				CLANG_WARN_INT_CONVERSION = YES;
				CLANG_WARN_NON_LITERAL_NULL_CONVERSION = YES;
				CLANG_WARN_OBJC_IMPLICIT_RETAIN_SELF = YES;
				CLANG_WARN_OBJC_LITERAL_CONVERSION = YES;
				CLANG_WARN_OBJC_ROOT_CLASS = YES_ERROR;
				CLANG_WARN_QUOTED_INCLUDE_IN_FRAMEWORK_HEADER = YES;
				CLANG_WARN_RANGE_LOOP_ANALYSIS = YES;
				CLANG_WARN_STRICT_PROTOTYPES = YES;
				CLANG_WARN_SUSPICIOUS_MOVE = YES;
				CLANG_WARN_UNGUARDED_AVAILABILITY = YES_AGGRESSIVE;
				CLANG_WARN_UNREACHABLE_CODE = YES;
				CLANG_WARN__DUPLICATE_METHOD_MATCH = YES;
				CODE_SIGN_STYLE = Automatic;
				COPY_PHASE_STRIP = NO;
				CURRENT_PROJECT_VERSION = 1;
				DEBUG_INFORMATION_FORMAT = dwarf;
				ENABLE_STRICT_OBJC_MSGSEND = YES;
				ENABLE_TESTABILITY = YES;
				ENABLE_USER_SCRIPT_SANDBOXING = YES;
				GCC_C_LANGUAGE_STANDARD = gnu11;
				GCC_DYNAMIC_NO_PIC = NO;
				GCC_NO_COMMON_BLOCKS = YES;
				GCC_OPTIMIZATION_LEVEL = 0;
				GCC_PREPROCESSOR_DEFINITIONS = (
					"$(inherited)",
					"DEBUG=1",
				);
				GCC_WARN_64_TO_32_BIT_CONVERSION = YES;
				GCC_WARN_ABOUT_RETURN_TYPE = YES_ERROR;
				GCC_WARN_UNDECLARED_SELECTOR = YES;
				GCC_WARN_UNINITIALIZED_AUTOS = YES_AGGRESSIVE;
				GCC_WARN_UNUSED_FUNCTION = YES;
				GCC_WARN_UNUSED_VARIABLE = YES;
				IPHONEOS_DEPLOYMENT_TARGET = 18.0;
				MARKETING_VERSION = 0.1.0;
				MTL_ENABLE_DEBUG_INFO = INCLUDE_SOURCE;
				MTL_FAST_MATH = YES;
				ONLY_ACTIVE_ARCH = YES;
				PRODUCT_NAME = "$(TARGET_NAME)";
				SDKROOT = iphoneos;
				STRING_CATALOG_GENERATE_SYMBOLS = YES;
				SWIFT_ACTIVE_COMPILATION_CONDITIONS = DEBUG;
				SWIFT_OPTIMIZATION_LEVEL = "-Onone";
				SWIFT_VERSION = 6.0;
			};
			name = Debug;
		};
		851C4A13CD6B964E586E2E08 /* Debug */ = {
			isa = XCBuildConfiguration;
			buildSettings = {
				CODE_SIGN_ENTITLEMENTS = ShareExtension/ShareExtension.entitlements;
				DEVELOPMENT_TEAM = 6HTZR75UR8;
				INFOPLIST_FILE = ShareExtension/Info.plist;
				LD_RUNPATH_SEARCH_PATHS = (
					"$(inherited)",
					"@executable_path/Frameworks",
					"@executable_path/../../Frameworks",
				);
				PRODUCT_BUNDLE_IDENTIFIER = com.justinrahme.RecipeManager.Share;
				SDKROOT = iphoneos;
				SKIP_INSTALL = YES;
				TARGETED_DEVICE_FAMILY = "1,2";
			};
			name = Debug;
		};
		A58C9451AAFADE8786C244A7 /* Debug */ = {
			isa = XCBuildConfiguration;
			buildSettings = {
				ASSETCATALOG_COMPILER_APPICON_NAME = AppIcon;
				ASSETCATALOG_COMPILER_GLOBAL_ACCENT_COLOR_NAME = AccentColor;
				CODE_SIGN_ENTITLEMENTS = RecipeManager/RecipeManager.entitlements;
				CODE_SIGN_IDENTITY = "iPhone Developer";
				DEVELOPMENT_TEAM = 6HTZR75UR8;
				INFOPLIST_FILE = RecipeManager/Resources/Info.plist;
				LD_RUNPATH_SEARCH_PATHS = (
					"$(inherited)",
					"@executable_path/Frameworks",
				);
				PRODUCT_BUNDLE_IDENTIFIER = com.justinrahme.RecipeManager;
				SDKROOT = iphoneos;
				TARGETED_DEVICE_FAMILY = "1,2";
			};
			name = Debug;
		};
		C392C0FB181DE324C16F3F6D /* Release */ = {
			isa = XCBuildConfiguration;
			buildSettings = {
				CODE_SIGN_ENTITLEMENTS = ShareExtension/ShareExtension.entitlements;
				DEVELOPMENT_TEAM = 6HTZR75UR8;
				INFOPLIST_FILE = ShareExtension/Info.plist;
				LD_RUNPATH_SEARCH_PATHS = (
					"$(inherited)",
					"@executable_path/Frameworks",
					"@executable_path/../../Frameworks",
				);
				PRODUCT_BUNDLE_IDENTIFIER = com.justinrahme.RecipeManager.Share;
				SDKROOT = iphoneos;
				SKIP_INSTALL = YES;
				TARGETED_DEVICE_FAMILY = "1,2";
			};
			name = Release;
		};
		DCB32F025EAD545C48068544 /* Release */ = {
			isa = XCBuildConfiguration;
			buildSettings = {
				ALWAYS_SEARCH_USER_PATHS = NO;
				ASSETCATALOG_COMPILER_GENERATE_SWIFT_ASSET_SYMBOL_EXTENSIONS = YES;
				CLANG_ANALYZER_NONNULL = YES;
				CLANG_ANALYZER_NUMBER_OBJECT_CONVERSION = YES_AGGRESSIVE;
				CLANG_CXX_LANGUAGE_STANDARD = "gnu++14";
				CLANG_CXX_LIBRARY = "libc++";
				CLANG_ENABLE_MODULES = YES;
				CLANG_ENABLE_OBJC_ARC = YES;
				CLANG_ENABLE_OBJC_WEAK = YES;
				CLANG_WARN_BLOCK_CAPTURE_AUTORELEASING = YES;
				CLANG_WARN_BOOL_CONVERSION = YES;
				CLANG_WARN_COMMA = YES;
				CLANG_WARN_CONSTANT_CONVERSION = YES;
				CLANG_WARN_DEPRECATED_OBJC_IMPLEMENTATIONS = YES;
				CLANG_WARN_DIRECT_OBJC_ISA_USAGE = YES_ERROR;
				CLANG_WARN_DOCUMENTATION_COMMENTS = YES;
				CLANG_WARN_EMPTY_BODY = YES;
				CLANG_WARN_ENUM_CONVERSION = YES;
				CLANG_WARN_INFINITE_RECURSION = YES;
				CLANG_WARN_INT_CONVERSION = YES;
				CLANG_WARN_NON_LITERAL_NULL_CONVERSION = YES;
				CLANG_WARN_OBJC_IMPLICIT_RETAIN_SELF = YES;
				CLANG_WARN_OBJC_LITERAL_CONVERSION = YES;
				CLANG_WARN_OBJC_ROOT_CLASS = YES_ERROR;
				CLANG_WARN_QUOTED_INCLUDE_IN_FRAMEWORK_HEADER = YES;
				CLANG_WARN_RANGE_LOOP_ANALYSIS = YES;
				CLANG_WARN_STRICT_PROTOTYPES = YES;
				CLANG_WARN_SUSPICIOUS_MOVE = YES;
				CLANG_WARN_UNGUARDED_AVAILABILITY = YES_AGGRESSIVE;
				CLANG_WARN_UNREACHABLE_CODE = YES;
				CLANG_WARN__DUPLICATE_METHOD_MATCH = YES;
				CODE_SIGN_STYLE = Automatic;
				COPY_PHASE_STRIP = NO;
				CURRENT_PROJECT_VERSION = 1;
				DEBUG_INFORMATION_FORMAT = "dwarf-with-dsym";
				ENABLE_NS_ASSERTIONS = NO;
				ENABLE_STRICT_OBJC_MSGSEND = YES;
				ENABLE_USER_SCRIPT_SANDBOXING = YES;
				GCC_C_LANGUAGE_STANDARD = gnu11;
				GCC_NO_COMMON_BLOCKS = YES;
				GCC_WARN_64_TO_32_BIT_CONVERSION = YES;
				GCC_WARN_ABOUT_RETURN_TYPE = YES_ERROR;
				GCC_WARN_UNDECLARED_SELECTOR = YES;
				GCC_WARN_UNINITIALIZED_AUTOS = YES_AGGRESSIVE;
				GCC_WARN_UNUSED_FUNCTION = YES;
				GCC_WARN_UNUSED_VARIABLE = YES;
				IPHONEOS_DEPLOYMENT_TARGET = 18.0;
				MARKETING_VERSION = 0.1.0;
				MTL_ENABLE_DEBUG_INFO = NO;
				MTL_FAST_MATH = YES;
				PRODUCT_NAME = "$(TARGET_NAME)";
				SDKROOT = iphoneos;
				STRING_CATALOG_GENERATE_SYMBOLS = YES;
				SWIFT_COMPILATION_MODE = wholemodule;
				SWIFT_OPTIMIZATION_LEVEL = "-O";
				SWIFT_VERSION = 6.0;
			};
			name = Release;
		};
/* End XCBuildConfiguration section */

/* Begin XCConfigurationList section */
		3AE8A966A007E2662F1A05DB /* Build configuration list for PBXProject "RecipeManager" */ = {
			isa = XCConfigurationList;
			buildConfigurations = (
				71FCC464DAB9BD083FF803AB /* Debug */,
				DCB32F025EAD545C48068544 /* Release */,
			);
			defaultConfigurationIsVisible = 0;
			defaultConfigurationName = Debug;
		};
		795BB05D63831F5F9D674C55 /* Build configuration list for PBXNativeTarget "RecipeManager" */ = {
			isa = XCConfigurationList;
			buildConfigurations = (
				A58C9451AAFADE8786C244A7 /* Debug */,
				698356B673DCC2CC36414C0C /* Release */,
			);
			defaultConfigurationIsVisible = 0;
			defaultConfigurationName = Debug;
		};
		A60A30D9D609EAA7B9287E63 /* Build configuration list for PBXNativeTarget "RecipeManagerShare" */ = {
			isa = XCConfigurationList;
			buildConfigurations = (
				851C4A13CD6B964E586E2E08 /* Debug */,
				C392C0FB181DE324C16F3F6D /* Release */,
			);
			defaultConfigurationIsVisible = 0;
			defaultConfigurationName = Debug;
		};
		BBA363258BD0B53765DF431E /* Build configuration list for PBXNativeTarget "RecipeManagerTimerWidget" */ = {
			isa = XCConfigurationList;
			buildConfigurations = (
				186947F3E047C83588974EE2 /* Debug */,
				2279FC3716CF6053E28BB388 /* Release */,
			);
			defaultConfigurationIsVisible = 0;
			defaultConfigurationName = Debug;
		};
		EA0E770C54A6AF6279097E10 /* Build configuration list for PBXNativeTarget "RecipeManagerTests" */ = {
			isa = XCConfigurationList;
			buildConfigurations = (
				4523B718AA28E259AB3D624E /* Debug */,
				5156CECF184AD126553004EE /* Release */,
			);
			defaultConfigurationIsVisible = 0;
			defaultConfigurationName = Debug;
		};
/* End XCConfigurationList section */
	};
	rootObject = 26FA77AC73E8579BE15F9BC2 /* Project object */;
}
